
Microsoft Visual Studio Solution File, Format Version 12.00
# Visual Studio 15
VisualStudioVersion = 15.0.26124.0
MinimumVisualStudioVersion = 15.0.26124.0
Project("{FAE04EC0-301F-11D3-BF4B-00C04F79EFBC}") = "PaymentContext.Domain", "PaymentContext.Domain\PaymentContext.Domain.csproj", "{1E6F1422-82AD-441E-ACB0-FF0D174AFADC}"
EndProject
Project("{FAE04EC0-301F-11D3-BF4B-00C04F79EFBC}") = "PaymentContext.Tests", "PaymentContext.Tests\PaymentContext.Tests.csproj", "{3A91428E-6542-4D8D-8AAA-53AB17E255DB}"
EndProject
Project("{FAE04EC0-301F-11D3-BF4B-00C04F79EFBC}") = "PaymentContext.Shared", "PaymentContext.Shared\PaymentContext.Shared.csproj", "{DA6F373E-3356-40A1-940E-4815960A213E}"
EndProject
Global
	GlobalSection(SolutionConfigurationPlatforms) = preSolution
		Debug|Any CPU = Debug|Any CPU
		Debug|x64 = Debug|x64
		Debug|x86 = Debug|x86
		Release|Any CPU = Release|Any CPU
		Release|x64 = Release|x64
		Release|x86 = Release|x86
	EndGlobalSection
	GlobalSection(SolutionProperties) = preSolution
		HideSolutionNode = FALSE
	EndGlobalSection
	GlobalSection(ProjectConfigurationPlatforms) = postSolution
		{1E6F1422-82AD-441E-ACB0-FF0D174AFADC}.Debug|Any CPU.ActiveCfg = Debug|Any CPU
		{1E6F1422-82AD-441E-ACB0-FF0D174AFADC}.Debug|Any CPU.Build.0 = Debug|Any CPU
		{1E6F1422-82AD-441E-ACB0-FF0D174AFADC}.Debug|x64.ActiveCfg = Debug|Any CPU
		{1E6F1422-82AD-441E-ACB0-FF0D174AFADC}.Debug|x64.Build.0 = Debug|Any CPU
		{1E6F1422-82AD-441E-ACB0-FF0D174AFADC}.Debug|x86.ActiveCfg = Debug|Any CPU
		{1E6F1422-82AD-441E-ACB0-FF0D174AFADC}.Debug|x86.Build.0 = Debug|Any CPU
		{1E6F1422-82AD-441E-ACB0-FF0D174AFADC}.Release|Any CPU.ActiveCfg = Release|Any CPU
		{1E6F1422-82AD-441E-ACB0-FF0D174AFADC}.Release|Any CPU.Build.0 = Release|Any CPU
		{1E6F1422-82AD-441E-ACB0-FF0D174AFADC}.Release|x64.ActiveCfg = Release|Any CPU
		{1E6F1422-82AD-441E-ACB0-FF0D174AFADC}.Release|x64.Build.0 = Release|Any CPU
		{1E6F1422-82AD-441E-ACB0-FF0D174AFADC}.Release|x86.ActiveCfg = Release|Any CPU
		{1E6F1422-82AD-441E-ACB0-FF0D174AFADC}.Release|x86.Build.0 = Release|Any CPU
		{3A91428E-6542-4D8D-8AAA-53AB17E255DB}.Debug|Any CPU.ActiveCfg = Debug|Any CPU
		{3A91428E-6542-4D8D-8AAA-53AB17E255DB}.Debug|Any CPU.Build.0 = Debug|Any CPU
		{3A91428E-6542-4D8D-8AAA-53AB17E255DB}.Debug|x64.ActiveCfg = Debug|Any CPU
		{3A91428E-6542-4D8D-8AAA-53AB17E255DB}.Debug|x64.Build.0 = Debug|Any CPU
		{3A91428E-6542-4D8D-8AAA-53AB17E255DB}.Debug|x86.ActiveCfg = Debug|Any CPU
		{3A91428E-6542-4D8D-8AAA-53AB17E255DB}.Debug|x86.Build.0 = Debug|Any CPU
		{3A91428E-6542-4D8D-8AAA-53AB17E255DB}.Release|Any CPU.ActiveCfg = Release|Any CPU
		{3A91428E-6542-4D8D-8AAA-53AB17E255DB}.Release|Any CPU.Build.0 = Release|Any CPU
		{3A91428E-6542-4D8D-8AAA-53AB17E255DB}.Release|x64.ActiveCfg = Release|Any CPU
		{3A91428E-6542-4D8D-8AAA-53AB17E255DB}.Release|x64.Build.0 = Release|Any CPU
		{3A91428E-6542-4D8D-8AAA-53AB17E255DB}.Release|x86.ActiveCfg = Release|Any CPU
		{3A91428E-6542-4D8D-8AAA-53AB17E255DB}.Release|x86.Build.0 = Release|Any CPU
		{DA6F373E-3356-40A1-940E-4815960A213E}.Debug|Any CPU.ActiveCfg = Debug|Any CPU
		{DA6F373E-3356-40A1-940E-4815960A213E}.Debug|Any CPU.Build.0 = Debug|Any CPU
		{DA6F373E-3356-40A1-940E-4815960A213E}.Debug|x64.ActiveCfg = Debug|Any CPU
		{DA6F373E-3356-40A1-940E-4815960A213E}.Debug|x64.Build.0 = Debug|Any CPU
		{DA6F373E-3356-40A1-940E-4815960A213E}.Debug|x86.ActiveCfg = Debug|Any CPU
		{DA6F373E-3356-40A1-940E-4815960A213E}.Debug|x86.Build.0 = Debug|Any CPU
		{DA6F373E-3356-40A1-940E-4815960A213E}.Release|Any CPU.ActiveCfg = Release|Any CPU
		{DA6F373E-3356-40A1-940E-4815960A213E}.Release|Any CPU.Build.0 = Release|Any CPU
		{DA6F373E-3356-40A1-940E-4815960A213E}.Release|x64.ActiveCfg = Release|Any CPU
		{DA6F373E-3356-40A1-940E-4815960A213E}.Release|x64.Build.0 = Release|Any CPU
		{DA6F373E-3356-40A1-940E-4815960A213E}.Release|x86.ActiveCfg = Release|Any CPU
		{DA6F373E-3356-40A1-940E-4815960A213E}.Release|x86.Build.0 = Release|Any CPU
	EndGlobalSection
EndGlobal
